Microsoft Visual Studio Solution File, Format Version 12.00
# Visual Studio Version 17
VisualStudioVersion = 17.0.32112.339
MinimumVisualStudioVersion = 10.0.40219.1
Project("{9A19103F-16F7-4668-BE54-9A1E7A4F7556}") = "Valeting.Common", "Valeting.Common\Valeting.Common.csproj", "{87BCEC56-ACA6-447C-899F-B65241C88B71}"
EndProject
Project("{9A19103F-16F7-4668-BE54-9A1E7A4F7556}") = "Api.Tests", "Valeting.UnitTest\Api.Tests.csproj", "{345E17FD-2247-48A6-8B21-B94052F9B51C}"
EndProject
Project("{FAE04EC0-301F-11D3-BF4B-00C04F79EFBC}") = "Valeting.Core", "Valeting.Core\Valeting.Core.csproj", "{6D17AD8B-23D1-AA28-8691-BF74B34A27A4}"
EndProject
Project("{FAE04EC0-301F-11D3-BF4B-00C04F79EFBC}") = "Valeting.Repository", "Valeting.Repository\Valeting.Repository.csproj", "{24EC0DA3-D8DD-4B90-7B52-CC2F3431127B}"
EndProject
Project("{2150E333-8FDC-42A3-9474-1A3956D46DE8}") = "src", "src", "{02EA681E-C7D8-13C7-8484-4AC65E1B71E8}"
EndProject
Project("{2150E333-8FDC-42A3-9474-1A3956D46DE8}") = "root", "root", "{933558E1-C927-415A-B636-B966D97E150F}"
	ProjectSection(SolutionItems) = preProject
		.env = .env
		.gitignore = .gitignore
		docker-compose.yml = docker-compose.yml
		README.md = README.md
	EndProjectSection
EndProject
Project("{2150E333-8FDC-42A3-9474-1A3956D46DE8}") = "tests", "tests", "{1D8BCDD1-682B-4ADD-8155-B9085CDFE2A4}"
EndProject
Project("{FAE04EC0-301F-11D3-BF4B-00C04F79EFBC}") = "Valeting.API", "Valeting.API\Valeting.API.csproj", "{B3D894D1-DA65-4E4F-F899-3C4DFC88E4B0}"
EndProject
Project("{FAE04EC0-301F-11D3-BF4B-00C04F79EFBC}") = "Integration.Tests", "Integration.Tests\Integration.Tests.csproj", "{AA71BC48-1463-4B31-B186-94BCFE06CE3E}"
EndProject
Project("{FAE04EC0-301F-11D3-BF4B-00C04F79EFBC}") = "Service.Tests", "Service.Tests\Service.Tests.csproj", "{1624B151-7E86-42C6-AB25-EA33CFD16538}"
EndProject
Project("{FAE04EC0-301F-11D3-BF4B-00C04F79EFBC}") = "Common.Tests", "Common.Tests\Common.Tests.csproj", "{745C725A-D57F-495E-9676-D7172537B1C2}"
EndProject
Global
	GlobalSection(SolutionConfigurationPlatforms) = preSolution
		Debug|Any CPU = Debug|Any CPU
		Release|Any CPU = Release|Any CPU
	EndGlobalSection
	GlobalSection(ProjectConfigurationPlatforms) = postSolution
		{87BCEC56-ACA6-447C-899F-B65241C88B71}.Debug|Any CPU.ActiveCfg = Debug|Any CPU
		{87BCEC56-ACA6-447C-899F-B65241C88B71}.Debug|Any CPU.Build.0 = Debug|Any CPU
		{87BCEC56-ACA6-447C-899F-B65241C88B71}.Release|Any CPU.ActiveCfg = Release|Any CPU
		{87BCEC56-ACA6-447C-899F-B65241C88B71}.Release|Any CPU.Build.0 = Release|Any CPU
		{345E17FD-2247-48A6-8B21-B94052F9B51C}.Debug|Any CPU.ActiveCfg = Debug|Any CPU
		{345E17FD-2247-48A6-8B21-B94052F9B51C}.Debug|Any CPU.Build.0 = Debug|Any CPU
		{345E17FD-2247-48A6-8B21-B94052F9B51C}.Release|Any CPU.ActiveCfg = Release|Any CPU
		{345E17FD-2247-48A6-8B21-B94052F9B51C}.Release|Any CPU.Build.0 = Release|Any CPU
		{6D17AD8B-23D1-AA28-8691-BF74B34A27A4}.Debug|Any CPU.ActiveCfg = Debug|Any CPU
		{6D17AD8B-23D1-AA28-8691-BF74B34A27A4}.Debug|Any CPU.Build.0 = Debug|Any CPU
		{6D17AD8B-23D1-AA28-8691-BF74B34A27A4}.Release|Any CPU.ActiveCfg = Release|Any CPU
		{6D17AD8B-23D1-AA28-8691-BF74B34A27A4}.Release|Any CPU.Build.0 = Release|Any CPU
		{24EC0DA3-D8DD-4B90-7B52-CC2F3431127B}.Debug|Any CPU.ActiveCfg = Debug|Any CPU
		{24EC0DA3-D8DD-4B90-7B52-CC2F3431127B}.Debug|Any CPU.Build.0 = Debug|Any CPU
		{24EC0DA3-D8DD-4B90-7B52-CC2F3431127B}.Release|Any CPU.ActiveCfg = Release|Any CPU
		{24EC0DA3-D8DD-4B90-7B52-CC2F3431127B}.Release|Any CPU.Build.0 = Release|Any CPU
		{B3D894D1-DA65-4E4F-F899-3C4DFC88E4B0}.Debug|Any CPU.ActiveCfg = Debug|Any CPU
		{B3D894D1-DA65-4E4F-F899-3C4DFC88E4B0}.Debug|Any CPU.Build.0 = Debug|Any CPU
		{B3D894D1-DA65-4E4F-F899-3C4DFC88E4B0}.Release|Any CPU.ActiveCfg = Release|Any CPU
		{B3D894D1-DA65-4E4F-F899-3C4DFC88E4B0}.Release|Any CPU.Build.0 = Release|Any CPU
		{AA71BC48-1463-4B31-B186-94BCFE06CE3E}.Debug|Any CPU.ActiveCfg = Debug|Any CPU
		{AA71BC48-1463-4B31-B186-94BCFE06CE3E}.Debug|Any CPU.Build.0 = Debug|Any CPU
		{AA71BC48-1463-4B31-B186-94BCFE06CE3E}.Release|Any CPU.ActiveCfg = Release|Any CPU
		{AA71BC48-1463-4B31-B186-94BCFE06CE3E}.Release|Any CPU.Build.0 = Release|Any CPU
		{1624B151-7E86-42C6-AB25-EA33CFD16538}.Debug|Any CPU.ActiveCfg = Debug|Any CPU
		{1624B151-7E86-42C6-AB25-EA33CFD16538}.Debug|Any CPU.Build.0 = Debug|Any CPU
		{1624B151-7E86-42C6-AB25-EA33CFD16538}.Release|Any CPU.ActiveCfg = Release|Any CPU
		{1624B151-7E86-42C6-AB25-EA33CFD16538}.Release|Any CPU.Build.0 = Release|Any CPU
		{745C725A-D57F-495E-9676-D7172537B1C2}.Debug|Any CPU.ActiveCfg = Debug|Any CPU
		{745C725A-D57F-495E-9676-D7172537B1C2}.Debug|Any CPU.Build.0 = Debug|Any CPU
		{745C725A-D57F-495E-9676-D7172537B1C2}.Release|Any CPU.ActiveCfg = Release|Any CPU
		{745C725A-D57F-495E-9676-D7172537B1C2}.Release|Any CPU.Build.0 = Release|Any CPU
	EndGlobalSection
	GlobalSection(SolutionProperties) = preSolution
		HideSolutionNode = FALSE
	EndGlobalSection
	GlobalSection(NestedProjects) = preSolution
		{87BCEC56-ACA6-447C-899F-B65241C88B71} = {02EA681E-C7D8-13C7-8484-4AC65E1B71E8}
		{345E17FD-2247-48A6-8B21-B94052F9B51C} = {1D8BCDD1-682B-4ADD-8155-B9085CDFE2A4}
		{6D17AD8B-23D1-AA28-8691-BF74B34A27A4} = {02EA681E-C7D8-13C7-8484-4AC65E1B71E8}
		{24EC0DA3-D8DD-4B90-7B52-CC2F3431127B} = {02EA681E-C7D8-13C7-8484-4AC65E1B71E8}
		{B3D894D1-DA65-4E4F-F899-3C4DFC88E4B0} = {02EA681E-C7D8-13C7-8484-4AC65E1B71E8}
		{AA71BC48-1463-4B31-B186-94BCFE06CE3E} = {1D8BCDD1-682B-4ADD-8155-B9085CDFE2A4}
		{1624B151-7E86-42C6-AB25-EA33CFD16538} = {1D8BCDD1-682B-4ADD-8155-B9085CDFE2A4}
		{745C725A-D57F-495E-9676-D7172537B1C2} = {1D8BCDD1-682B-4ADD-8155-B9085CDFE2A4}
	EndGlobalSection
	GlobalSection(ExtensibilityGlobals) = postSolution
		SolutionGuid = {BFAB9A01-8DC9-46E0-AE64-2107E9C1DE6A}
	EndGlobalSection
EndGlobal
