
Microsoft Visual Studio Solution File, Format Version 12.00
# Visual Studio Version 17
VisualStudioVersion = 17.0.32112.339
MinimumVisualStudioVersion = 10.0.40219.1
Project("{9A19103F-16F7-4668-BE54-9A1E7A4F7556}") = "Valeting", "Valeting\Valeting.csproj", "{F587E43D-4F1B-4AE7-AAF9-7E1CB13C17F5}"
EndProject
Project("{9A19103F-16F7-4668-BE54-9A1E7A4F7556}") = "Valeting.Repositories", "Valeting.Repositories\Valeting.Repositories.csproj", "{ABFFD5DB-5451-42E7-9C42-72B4C94168B8}"
EndProject
Project("{FAE04EC0-301F-11D3-BF4B-00C04F79EFBC}") = "Valeting.Business", "Valeting.Business\Valeting.Business.csproj", "{A70D9DC9-41A2-4108-B637-5621A39DFFA5}"
EndProject
Project("{FAE04EC0-301F-11D3-BF4B-00C04F79EFBC}") = "Valeting.Services", "Valeting.Services\Valeting.Services.csproj", "{A0FE761D-4B01-467C-BF67-BF576F93E11F}"
EndProject
Project("{2150E333-8FDC-42A3-9474-1A3956D46DE8}") = "Solution Items", "Solution Items", "{E3A21F04-3985-4097-B388-2CC10EE0439A}"
	ProjectSection(SolutionItems) = preProject
		.editorconfig = .editorconfig
	EndProjectSection
EndProject
Global
	GlobalSection(SolutionConfigurationPlatforms) = preSolution
		Debug|Any CPU = Debug|Any CPU
		Release|Any CPU = Release|Any CPU
	EndGlobalSection
	GlobalSection(ProjectConfigurationPlatforms) = postSolution
		{F587E43D-4F1B-4AE7-AAF9-7E1CB13C17F5}.Debug|Any CPU.ActiveCfg = Debug|Any CPU
		{F587E43D-4F1B-4AE7-AAF9-7E1CB13C17F5}.Debug|Any CPU.Build.0 = Debug|Any CPU
		{F587E43D-4F1B-4AE7-AAF9-7E1CB13C17F5}.Release|Any CPU.ActiveCfg = Release|Any CPU
		{F587E43D-4F1B-4AE7-AAF9-7E1CB13C17F5}.Release|Any CPU.Build.0 = Release|Any CPU
		{ABFFD5DB-5451-42E7-9C42-72B4C94168B8}.Debug|Any CPU.ActiveCfg = Debug|Any CPU
		{ABFFD5DB-5451-42E7-9C42-72B4C94168B8}.Debug|Any CPU.Build.0 = Debug|Any CPU
		{ABFFD5DB-5451-42E7-9C42-72B4C94168B8}.Release|Any CPU.ActiveCfg = Release|Any CPU
		{ABFFD5DB-5451-42E7-9C42-72B4C94168B8}.Release|Any CPU.Build.0 = Release|Any CPU
		{A70D9DC9-41A2-4108-B637-5621A39DFFA5}.Debug|Any CPU.ActiveCfg = Debug|Any CPU
		{A70D9DC9-41A2-4108-B637-5621A39DFFA5}.Debug|Any CPU.Build.0 = Debug|Any CPU
		{A70D9DC9-41A2-4108-B637-5621A39DFFA5}.Release|Any CPU.ActiveCfg = Release|Any CPU
		{A70D9DC9-41A2-4108-B637-5621A39DFFA5}.Release|Any CPU.Build.0 = Release|Any CPU
		{A0FE761D-4B01-467C-BF67-BF576F93E11F}.Debug|Any CPU.ActiveCfg = Debug|Any CPU
		{A0FE761D-4B01-467C-BF67-BF576F93E11F}.Debug|Any CPU.Build.0 = Debug|Any CPU
		{A0FE761D-4B01-467C-BF67-BF576F93E11F}.Release|Any CPU.ActiveCfg = Release|Any CPU
		{A0FE761D-4B01-467C-BF67-BF576F93E11F}.Release|Any CPU.Build.0 = Release|Any CPU
	EndGlobalSection
	GlobalSection(SolutionProperties) = preSolution
		HideSolutionNode = FALSE
	EndGlobalSection
	GlobalSection(ExtensibilityGlobals) = postSolution
		SolutionGuid = {BFAB9A01-8DC9-46E0-AE64-2107E9C1DE6A}
	EndGlobalSection
EndGlobal
